// !$*UTF8*$!
{
	archiveVersion = 1;
	classes = {
	};
	objectVersion = 56;
	objects = {

/* Begin PBXBuildFile section */
		B505025C299FDBF700121A5A /* ChooseModeView.swift in Sources */ = {isa = PBXBuildFile; fileRef = B505025B299FDBF700121A5A /* ChooseModeView.swift */; };
		B5134E542AB8402E0062447F /* ImagePopupView.swift in Sources */ = {isa = PBXBuildFile; fileRef = B5134E532AB8402E0062447F /* ImagePopupView.swift */; };
		B51A8E5A2AF4E88200BB088F /* FinalView.swift in Sources */ = {isa = PBXBuildFile; fileRef = B51A8E592AF4E88200BB088F /* FinalView.swift */; };
		B52E5B942AF2B5B900FA891E /* ConfirmationViewModel.swift in Sources */ = {isa = PBXBuildFile; fileRef = B52E5B932AF2B5B900FA891E /* ConfirmationViewModel.swift */; };
		B5537B682A0F9F88006F8102 /* CollaborationViewModel+MultipeerSession.swift in Sources */ = {isa = PBXBuildFile; fileRef = B5537B672A0F9F88006F8102 /* CollaborationViewModel+MultipeerSession.swift */; };
		B5537B6A2A0FABB7006F8102 /* ARView+Gestures.swift in Sources */ = {isa = PBXBuildFile; fileRef = B5537B692A0FABB7006F8102 /* ARView+Gestures.swift */; };
		B5537B6C2A0FAC97006F8102 /* ARViewContainer+Session.swift in Sources */ = {isa = PBXBuildFile; fileRef = B5537B6B2A0FAC97006F8102 /* ARViewContainer+Session.swift */; };
		B5576CE8297D94960069758E /* MetaCollaborationApp.swift in Sources */ = {isa = PBXBuildFile; fileRef = B5576CE7297D94960069758E /* MetaCollaborationApp.swift */; };
		B5576CEA297D94960069758E /* ContentView.swift in Sources */ = {isa = PBXBuildFile; fileRef = B5576CE9297D94960069758E /* ContentView.swift */; };
		B5576CEC297D94970069758E /* Assets.xcassets in Resources */ = {isa = PBXBuildFile; fileRef = B5576CEB297D94970069758E /* Assets.xcassets */; };
		B5576CEF297D94970069758E /* Preview Assets.xcassets in Resources */ = {isa = PBXBuildFile; fileRef = B5576CEE297D94970069758E /* Preview Assets.xcassets */; };
		B5576D02297D9CE40069758E /* CollaborationViewModel.swift in Sources */ = {isa = PBXBuildFile; fileRef = B5576D01297D9CE40069758E /* CollaborationViewModel.swift */; };
		B55E19742A67FFCA000FD066 /* StepListView.swift in Sources */ = {isa = PBXBuildFile; fileRef = B55E19732A67FFCA000FD066 /* StepListView.swift */; };
		B55E19762A6812B1000FD066 /* ConfirmationView.swift in Sources */ = {isa = PBXBuildFile; fileRef = B55E19752A6812B1000FD066 /* ConfirmationView.swift */; };
		B55E19782A6812F3000FD066 /* StepDetailView.swift in Sources */ = {isa = PBXBuildFile; fileRef = B55E19772A6812F3000FD066 /* StepDetailView.swift */; };
		B56CE57529BCC928007D092F /* ObjectStep.swift in Sources */ = {isa = PBXBuildFile; fileRef = B56CE56D29BCC928007D092F /* ObjectStep.swift */; };
		B56CE57629BCC928007D092F /* Asset.swift in Sources */ = {isa = PBXBuildFile; fileRef = B56CE56E29BCC928007D092F /* Asset.swift */; };
		B56CE57729BCC928007D092F /* Confirmation.swift in Sources */ = {isa = PBXBuildFile; fileRef = B56CE56F29BCC928007D092F /* Confirmation.swift */; };
		B56CE57829BCC928007D092F /* Content.swift in Sources */ = {isa = PBXBuildFile; fileRef = B56CE57029BCC928007D092F /* Content.swift */; };
		B56CE57929BCC928007D092F /* Step.swift in Sources */ = {isa = PBXBuildFile; fileRef = B56CE57129BCC928007D092F /* Step.swift */; };
		B56CE57A29BCC928007D092F /* Guide.swift in Sources */ = {isa = PBXBuildFile; fileRef = B56CE57229BCC928007D092F /* Guide.swift */; };
		B56CE57B29BCC928007D092F /* Instruction.swift in Sources */ = {isa = PBXBuildFile; fileRef = B56CE57329BCC928007D092F /* Instruction.swift */; };
		B56CE57C29BCC928007D092F /* ExtendedGuide.swift in Sources */ = {isa = PBXBuildFile; fileRef = B56CE57429BCC928007D092F /* ExtendedGuide.swift */; };
		B56E4C312A7138CA006F5E97 /* README.md in Resources */ = {isa = PBXBuildFile; fileRef = B56E4C302A7138CA006F5E97 /* README.md */; };
		B581CF1E2A6E9B9B0084DDB2 /* SettingsView.swift in Sources */ = {isa = PBXBuildFile; fileRef = B581CF1D2A6E9B9B0084DDB2 /* SettingsView.swift */; };
		B581CF202A6E9F0E0084DDB2 /* SettingsLabelView.swift in Sources */ = {isa = PBXBuildFile; fileRef = B581CF1F2A6E9F0E0084DDB2 /* SettingsLabelView.swift */; };
		B581CF222A6E9F1A0084DDB2 /* SettingsRowView.swift in Sources */ = {isa = PBXBuildFile; fileRef = B581CF212A6E9F1A0084DDB2 /* SettingsRowView.swift */; };
		B581CF242A6EB1AF0084DDB2 /* GuideDetailInfoView.swift in Sources */ = {isa = PBXBuildFile; fileRef = B581CF232A6EB1AF0084DDB2 /* GuideDetailInfoView.swift */; };
		B581CF262A6EC5800084DDB2 /* ExtendedGuideResponse.swift in Sources */ = {isa = PBXBuildFile; fileRef = B581CF252A6EC5800084DDB2 /* ExtendedGuideResponse.swift */; };
		B581CF282A6EC5930084DDB2 /* SimpleStep.swift in Sources */ = {isa = PBXBuildFile; fileRef = B581CF272A6EC5930084DDB2 /* SimpleStep.swift */; };
		B581CF2F2A7051A60084DDB2 /* GuideRowView.swift in Sources */ = {isa = PBXBuildFile; fileRef = B581CF2E2A7051A60084DDB2 /* GuideRowView.swift */; };
		B581CF312A7051F20084DDB2 /* ModeSquareView.swift in Sources */ = {isa = PBXBuildFile; fileRef = B581CF302A7051F20084DDB2 /* ModeSquareView.swift */; };
		B581CF342A70527C0084DDB2 /* ButtonStyles.swift in Sources */ = {isa = PBXBuildFile; fileRef = B581CF332A70527C0084DDB2 /* ButtonStyles.swift */; };
		B59369D42A6586AA00C3B9F2 /* Launch Screen.storyboard in Resources */ = {isa = PBXBuildFile; fileRef = B59369D32A6586AA00C3B9F2 /* Launch Screen.storyboard */; };
		B59369D82A659C3E00C3B9F2 /* NetworkError.swift in Sources */ = {isa = PBXBuildFile; fileRef = B59369D72A659C3E00C3B9F2 /* NetworkError.swift */; };
		B59369DC2A65AA2500C3B9F2 /* NetworkManager.swift in Sources */ = {isa = PBXBuildFile; fileRef = B59369DB2A65AA2500C3B9F2 /* NetworkManager.swift */; };
		B59369DE2A65AE1C00C3B9F2 /* LoadingView.swift in Sources */ = {isa = PBXBuildFile; fileRef = B59369DD2A65AE1C00C3B9F2 /* LoadingView.swift */; };
		B59369E02A667D5000C3B9F2 /* CollaborationView.swift in Sources */ = {isa = PBXBuildFile; fileRef = B59369DF2A667D5000C3B9F2 /* CollaborationView.swift */; };
		B59369E42A66CBED00C3B9F2 /* GuideDetailView.swift in Sources */ = {isa = PBXBuildFile; fileRef = B59369E32A66CBED00C3B9F2 /* GuideDetailView.swift */; };
		B59369E62A66CBFD00C3B9F2 /* GuideListView.swift in Sources */ = {isa = PBXBuildFile; fileRef = B59369E52A66CBFD00C3B9F2 /* GuideListView.swift */; };
		B593B4DC2AED41B4009A88B8 /* NavigationManager.swift in Sources */ = {isa = PBXBuildFile; fileRef = B593B4DB2AED41B4009A88B8 /* NavigationManager.swift */; };
		B593B4DE2AEEB3CB009A88B8 /* StepListViewModel.swift in Sources */ = {isa = PBXBuildFile; fileRef = B593B4DD2AEEB3CB009A88B8 /* StepListViewModel.swift */; };
		B593B4E02AEEDF62009A88B8 /* StepDetailViewModel.swift in Sources */ = {isa = PBXBuildFile; fileRef = B593B4DF2AEEDF62009A88B8 /* StepDetailViewModel.swift */; };
		B59B595D2AE7FFDD00B4004B /* GuideListViewModel.swift in Sources */ = {isa = PBXBuildFile; fileRef = B59B595C2AE7FFDD00B4004B /* GuideListViewModel.swift */; };
		B59B595F2AE804B000B4004B /* GuideDetailViewModel.swift in Sources */ = {isa = PBXBuildFile; fileRef = B59B595E2AE804B000B4004B /* GuideDetailViewModel.swift */; };
		B59B59612AE80EFC00B4004B /* SettingsViewModel.swift in Sources */ = {isa = PBXBuildFile; fileRef = B59B59602AE80EFC00B4004B /* SettingsViewModel.swift */; };
		B59B59642AE8160D00B4004B /* ProgressHUD in Frameworks */ = {isa = PBXBuildFile; productRef = B59B59632AE8160D00B4004B /* ProgressHUD */; };
		B59B59662AE8162F00B4004B /* ProgressHUDHelper.swift in Sources */ = {isa = PBXBuildFile; fileRef = B59B59652AE8162F00B4004B /* ProgressHUDHelper.swift */; };
		B5A151A62AF9027E005F36FE /* CamelAnotation.usdz in Resources */ = {isa = PBXBuildFile; fileRef = B5A151A52AF9027E005F36FE /* CamelAnotation.usdz */; };
		B5ABC2322ADFCFE4007082F8 /* ModelName.swift in Sources */ = {isa = PBXBuildFile; fileRef = B5ABC2312ADFCFE4007082F8 /* ModelName.swift */; };
		B5ABC2342ADFD013007082F8 /* Coordinates.swift in Sources */ = {isa = PBXBuildFile; fileRef = B5ABC2332ADFD013007082F8 /* Coordinates.swift */; };
		B5BDA11E2AFA1D4400C637E9 /* View+Keyboard.swift in Sources */ = {isa = PBXBuildFile; fileRef = B5BDA11D2AFA1D4400C637E9 /* View+Keyboard.swift */; };
		B5BDA1212AFA224500C637E9 /* SelectedMode.swift in Sources */ = {isa = PBXBuildFile; fileRef = B5BDA1202AFA224500C637E9 /* SelectedMode.swift */; };
		B5BDA1232AFA228800C637E9 /* ObjectType.swift in Sources */ = {isa = PBXBuildFile; fileRef = B5BDA1222AFA228800C637E9 /* ObjectType.swift */; };
		B5BDA1252AFA22D600C637E9 /* ActiveAppMode.swift in Sources */ = {isa = PBXBuildFile; fileRef = B5BDA1242AFA22D600C637E9 /* ActiveAppMode.swift */; };
		B5BDA1272AFA2DC100C637E9 /* guideTest.json in Resources */ = {isa = PBXBuildFile; fileRef = B5BDA1262AFA2DC100C637E9 /* guideTest.json */; };
		B5BDA1292AFA318000C637E9 /* Int+Rating.swift in Sources */ = {isa = PBXBuildFile; fileRef = B5BDA1282AFA318000C637E9 /* Int+Rating.swift */; };
		B5BDA12B2AFA7B5900C637E9 /* PersistenceManager.swift in Sources */ = {isa = PBXBuildFile; fileRef = B5BDA12A2AFA7B5900C637E9 /* PersistenceManager.swift */; };
		B5D4D9522985AD940087489B /* ARViewContainer.swift in Sources */ = {isa = PBXBuildFile; fileRef = B5D4D9512985AD940087489B /* ARViewContainer.swift */; };
		B5E680E229F6F53D00E98737 /* MultipeerSession.swift in Sources */ = {isa = PBXBuildFile; fileRef = B5E680E129F6F53D00E98737 /* MultipeerSession.swift */; };
/* End PBXBuildFile section */

/* Begin PBXFileReference section */
		B505025B299FDBF700121A5A /* ChooseModeView.swift */ = {isa = PBXFileReference; lastKnownFileType = sourcecode.swift; path = ChooseModeView.swift; sourceTree = "<group>"; };
		B5134E532AB8402E0062447F /* ImagePopupView.swift */ = {isa = PBXFileReference; lastKnownFileType = sourcecode.swift; path = ImagePopupView.swift; sourceTree = "<group>"; };
		B51A8E592AF4E88200BB088F /* FinalView.swift */ = {isa = PBXFileReference; lastKnownFileType = sourcecode.swift; path = FinalView.swift; sourceTree = "<group>"; };
		B52E5B932AF2B5B900FA891E /* ConfirmationViewModel.swift */ = {isa = PBXFileReference; lastKnownFileType = sourcecode.swift; path = ConfirmationViewModel.swift; sourceTree = "<group>"; };
		B5537B672A0F9F88006F8102 /* CollaborationViewModel+MultipeerSession.swift */ = {isa = PBXFileReference; lastKnownFileType = sourcecode.swift; path = "CollaborationViewModel+MultipeerSession.swift"; sourceTree = "<group>"; };
		B5537B692A0FABB7006F8102 /* ARView+Gestures.swift */ = {isa = PBXFileReference; lastKnownFileType = sourcecode.swift; path = "ARView+Gestures.swift"; sourceTree = "<group>"; };
		B5537B6B2A0FAC97006F8102 /* ARViewContainer+Session.swift */ = {isa = PBXFileReference; lastKnownFileType = sourcecode.swift; path = "ARViewContainer+Session.swift"; sourceTree = "<group>"; };
		B5576CE4297D94960069758E /* MetaCollaboration.app */ = {isa = PBXFileReference; explicitFileType = wrapper.application; includeInIndex = 0; path = MetaCollaboration.app; sourceTree = BUILT_PRODUCTS_DIR; };
		B5576CE7297D94960069758E /* MetaCollaborationApp.swift */ = {isa = PBXFileReference; lastKnownFileType = sourcecode.swift; path = MetaCollaborationApp.swift; sourceTree = "<group>"; };
		B5576CE9297D94960069758E /* ContentView.swift */ = {isa = PBXFileReference; lastKnownFileType = sourcecode.swift; path = ContentView.swift; sourceTree = "<group>"; };
		B5576CEB297D94970069758E /* Assets.xcassets */ = {isa = PBXFileReference; lastKnownFileType = folder.assetcatalog; path = Assets.xcassets; sourceTree = "<group>"; };
		B5576CEE297D94970069758E /* Preview Assets.xcassets */ = {isa = PBXFileReference; lastKnownFileType = folder.assetcatalog; path = "Preview Assets.xcassets"; sourceTree = "<group>"; };
		B5576D01297D9CE40069758E /* CollaborationViewModel.swift */ = {isa = PBXFileReference; lastKnownFileType = sourcecode.swift; path = CollaborationViewModel.swift; sourceTree = "<group>"; };
		B55E19732A67FFCA000FD066 /* StepListView.swift */ = {isa = PBXFileReference; lastKnownFileType = sourcecode.swift; path = StepListView.swift; sourceTree = "<group>"; };
		B55E19752A6812B1000FD066 /* ConfirmationView.swift */ = {isa = PBXFileReference; lastKnownFileType = sourcecode.swift; path = ConfirmationView.swift; sourceTree = "<group>"; };
		B55E19772A6812F3000FD066 /* StepDetailView.swift */ = {isa = PBXFileReference; lastKnownFileType = sourcecode.swift; path = StepDetailView.swift; sourceTree = "<group>"; };
		B5630D3229846A35005BC686 /* Info.plist */ = {isa = PBXFileReference; lastKnownFileType = text.plist; path = Info.plist; sourceTree = "<group>"; };
		B56CE56D29BCC928007D092F /* ObjectStep.swift */ = {isa = PBXFileReference; fileEncoding = 4; lastKnownFileType = sourcecode.swift; path = ObjectStep.swift; sourceTree = "<group>"; };
		B56CE56E29BCC928007D092F /* Asset.swift */ = {isa = PBXFileReference; fileEncoding = 4; lastKnownFileType = sourcecode.swift; path = Asset.swift; sourceTree = "<group>"; };
		B56CE56F29BCC928007D092F /* Confirmation.swift */ = {isa = PBXFileReference; fileEncoding = 4; lastKnownFileType = sourcecode.swift; path = Confirmation.swift; sourceTree = "<group>"; };
		B56CE57029BCC928007D092F /* Content.swift */ = {isa = PBXFileReference; fileEncoding = 4; lastKnownFileType = sourcecode.swift; path = Content.swift; sourceTree = "<group>"; };
		B56CE57129BCC928007D092F /* Step.swift */ = {isa = PBXFileReference; fileEncoding = 4; lastKnownFileType = sourcecode.swift; path = Step.swift; sourceTree = "<group>"; };
		B56CE57229BCC928007D092F /* Guide.swift */ = {isa = PBXFileReference; fileEncoding = 4; lastKnownFileType = sourcecode.swift; path = Guide.swift; sourceTree = "<group>"; };
		B56CE57329BCC928007D092F /* Instruction.swift */ = {isa = PBXFileReference; fileEncoding = 4; lastKnownFileType = sourcecode.swift; path = Instruction.swift; sourceTree = "<group>"; };
		B56CE57429BCC928007D092F /* ExtendedGuide.swift */ = {isa = PBXFileReference; fileEncoding = 4; lastKnownFileType = sourcecode.swift; path = ExtendedGuide.swift; sourceTree = "<group>"; };
		B56E4C302A7138CA006F5E97 /* README.md */ = {isa = PBXFileReference; lastKnownFileType = net.daringfireball.markdown; path = README.md; sourceTree = "<group>"; };
		B581CF1D2A6E9B9B0084DDB2 /* SettingsView.swift */ = {isa = PBXFileReference; lastKnownFileType = sourcecode.swift; path = SettingsView.swift; sourceTree = "<group>"; };
		B581CF1F2A6E9F0E0084DDB2 /* SettingsLabelView.swift */ = {isa = PBXFileReference; lastKnownFileType = sourcecode.swift; path = SettingsLabelView.swift; sourceTree = "<group>"; };
		B581CF212A6E9F1A0084DDB2 /* SettingsRowView.swift */ = {isa = PBXFileReference; lastKnownFileType = sourcecode.swift; path = SettingsRowView.swift; sourceTree = "<group>"; };
		B581CF232A6EB1AF0084DDB2 /* GuideDetailInfoView.swift */ = {isa = PBXFileReference; lastKnownFileType = sourcecode.swift; path = GuideDetailInfoView.swift; sourceTree = "<group>"; };
		B581CF252A6EC5800084DDB2 /* ExtendedGuideResponse.swift */ = {isa = PBXFileReference; lastKnownFileType = sourcecode.swift; path = ExtendedGuideResponse.swift; sourceTree = "<group>"; };
		B581CF272A6EC5930084DDB2 /* SimpleStep.swift */ = {isa = PBXFileReference; lastKnownFileType = sourcecode.swift; path = SimpleStep.swift; sourceTree = "<group>"; };
		B581CF2E2A7051A60084DDB2 /* GuideRowView.swift */ = {isa = PBXFileReference; lastKnownFileType = sourcecode.swift; path = GuideRowView.swift; sourceTree = "<group>"; };
		B581CF302A7051F20084DDB2 /* ModeSquareView.swift */ = {isa = PBXFileReference; lastKnownFileType = sourcecode.swift; path = ModeSquareView.swift; sourceTree = "<group>"; };
		B581CF332A70527C0084DDB2 /* ButtonStyles.swift */ = {isa = PBXFileReference; lastKnownFileType = sourcecode.swift; path = ButtonStyles.swift; sourceTree = "<group>"; };
		B59369D32A6586AA00C3B9F2 /* Launch Screen.storyboard */ = {isa = PBXFileReference; lastKnownFileType = file.storyboard; path = "Launch Screen.storyboard"; sourceTree = "<group>"; };
		B59369D72A659C3E00C3B9F2 /* NetworkError.swift */ = {isa = PBXFileReference; lastKnownFileType = sourcecode.swift; path = NetworkError.swift; sourceTree = "<group>"; };
		B59369DB2A65AA2500C3B9F2 /* NetworkManager.swift */ = {isa = PBXFileReference; lastKnownFileType = sourcecode.swift; path = NetworkManager.swift; sourceTree = "<group>"; };
		B59369DD2A65AE1C00C3B9F2 /* LoadingView.swift */ = {isa = PBXFileReference; lastKnownFileType = sourcecode.swift; path = LoadingView.swift; sourceTree = "<group>"; };
		B59369DF2A667D5000C3B9F2 /* CollaborationView.swift */ = {isa = PBXFileReference; lastKnownFileType = sourcecode.swift; path = CollaborationView.swift; sourceTree = "<group>"; };
		B59369E32A66CBED00C3B9F2 /* GuideDetailView.swift */ = {isa = PBXFileReference; lastKnownFileType = sourcecode.swift; path = GuideDetailView.swift; sourceTree = "<group>"; };
		B59369E52A66CBFD00C3B9F2 /* GuideListView.swift */ = {isa = PBXFileReference; lastKnownFileType = sourcecode.swift; path = GuideListView.swift; sourceTree = "<group>"; };
		B593B4DB2AED41B4009A88B8 /* NavigationManager.swift */ = {isa = PBXFileReference; lastKnownFileType = sourcecode.swift; path = NavigationManager.swift; sourceTree = "<group>"; };
		B593B4DD2AEEB3CB009A88B8 /* StepListViewModel.swift */ = {isa = PBXFileReference; lastKnownFileType = sourcecode.swift; path = StepListViewModel.swift; sourceTree = "<group>"; };
		B593B4DF2AEEDF62009A88B8 /* StepDetailViewModel.swift */ = {isa = PBXFileReference; lastKnownFileType = sourcecode.swift; path = StepDetailViewModel.swift; sourceTree = "<group>"; };
		B59B595C2AE7FFDD00B4004B /* GuideListViewModel.swift */ = {isa = PBXFileReference; lastKnownFileType = sourcecode.swift; path = GuideListViewModel.swift; sourceTree = "<group>"; };
		B59B595E2AE804B000B4004B /* GuideDetailViewModel.swift */ = {isa = PBXFileReference; lastKnownFileType = sourcecode.swift; path = GuideDetailViewModel.swift; sourceTree = "<group>"; };
		B59B59602AE80EFC00B4004B /* SettingsViewModel.swift */ = {isa = PBXFileReference; lastKnownFileType = sourcecode.swift; path = SettingsViewModel.swift; sourceTree = "<group>"; };
		B59B59652AE8162F00B4004B /* ProgressHUDHelper.swift */ = {isa = PBXFileReference; lastKnownFileType = sourcecode.swift; path = ProgressHUDHelper.swift; sourceTree = "<group>"; };
		B5A151A52AF9027E005F36FE /* CamelAnotation.usdz */ = {isa = PBXFileReference; lastKnownFileType = file.usdz; path = CamelAnotation.usdz; sourceTree = "<group>"; };
		B5ABC2312ADFCFE4007082F8 /* ModelName.swift */ = {isa = PBXFileReference; lastKnownFileType = sourcecode.swift; path = ModelName.swift; sourceTree = "<group>"; };
		B5ABC2332ADFD013007082F8 /* Coordinates.swift */ = {isa = PBXFileReference; lastKnownFileType = sourcecode.swift; path = Coordinates.swift; sourceTree = "<group>"; };
		B5BDA11D2AFA1D4400C637E9 /* View+Keyboard.swift */ = {isa = PBXFileReference; lastKnownFileType = sourcecode.swift; path = "View+Keyboard.swift"; sourceTree = "<group>"; };
		B5BDA1202AFA224500C637E9 /* SelectedMode.swift */ = {isa = PBXFileReference; lastKnownFileType = sourcecode.swift; path = SelectedMode.swift; sourceTree = "<group>"; };
		B5BDA1222AFA228800C637E9 /* ObjectType.swift */ = {isa = PBXFileReference; lastKnownFileType = sourcecode.swift; path = ObjectType.swift; sourceTree = "<group>"; };
		B5BDA1242AFA22D600C637E9 /* ActiveAppMode.swift */ = {isa = PBXFileReference; lastKnownFileType = sourcecode.swift; path = ActiveAppMode.swift; sourceTree = "<group>"; };
		B5BDA1262AFA2DC100C637E9 /* guideTest.json */ = {isa = PBXFileReference; lastKnownFileType = text.json; path = guideTest.json; sourceTree = "<group>"; };
		B5BDA1282AFA318000C637E9 /* Int+Rating.swift */ = {isa = PBXFileReference; lastKnownFileType = sourcecode.swift; path = "Int+Rating.swift"; sourceTree = "<group>"; };
		B5BDA12A2AFA7B5900C637E9 /* PersistenceManager.swift */ = {isa = PBXFileReference; lastKnownFileType = sourcecode.swift; path = PersistenceManager.swift; sourceTree = "<group>"; };
		B5D4D9512985AD940087489B /* ARViewContainer.swift */ = {isa = PBXFileReference; lastKnownFileType = sourcecode.swift; path = ARViewContainer.swift; sourceTree = "<group>"; };
		B5E680E129F6F53D00E98737 /* MultipeerSession.swift */ = {isa = PBXFileReference; lastKnownFileType = sourcecode.swift; path = MultipeerSession.swift; sourceTree = "<group>"; };
/* End PBXFileReference section */

/* Begin PBXFrameworksBuildPhase section */
		B5576CE1297D94960069758E /* Frameworks */ = {
			isa = PBXFrameworksBuildPhase;
			buildActionMask = 2147483647;
			files = (
				B59B59642AE8160D00B4004B /* ProgressHUD in Frameworks */,
			);
			runOnlyForDeploymentPostprocessing = 0;
		};
/* End PBXFrameworksBuildPhase section */

/* Begin PBXGroup section */
		B5537B662A0F9E8B006F8102 /* Extensions */ = {
			isa = PBXGroup;
			children = (
				B5537B6B2A0FAC97006F8102 /* ARViewContainer+Session.swift */,
				B5BDA1282AFA318000C637E9 /* Int+Rating.swift */,
				B5537B692A0FABB7006F8102 /* ARView+Gestures.swift */,
				B5537B672A0F9F88006F8102 /* CollaborationViewModel+MultipeerSession.swift */,
				B5BDA11D2AFA1D4400C637E9 /* View+Keyboard.swift */,
			);
			path = Extensions;
			sourceTree = "<group>";
		};
		B5576CDB297D94960069758E = {
			isa = PBXGroup;
			children = (
				B56E4C302A7138CA006F5E97 /* README.md */,
				B5576CE6297D94960069758E /* MetaCollaboration */,
				B5576CE5297D94960069758E /* Products */,
			);
			sourceTree = "<group>";
		};
		B5576CE5297D94960069758E /* Products */ = {
			isa = PBXGroup;
			children = (
				B5576CE4297D94960069758E /* MetaCollaboration.app */,
			);
			name = Products;
			sourceTree = "<group>";
		};
		B5576CE6297D94960069758E /* MetaCollaboration */ = {
			isa = PBXGroup;
			children = (
				B59369D32A6586AA00C3B9F2 /* Launch Screen.storyboard */,
				B5576CE7297D94960069758E /* MetaCollaborationApp.swift */,
				B59369E72A6701B400C3B9F2 /* Resources */,
				B5537B662A0F9E8B006F8102 /* Extensions */,
				B5673D0E2A15259B00EEA43D /* Utilities */,
				B5BDA11F2AFA222400C637E9 /* Helpers */,
				B581CF322A7052470084DDB2 /* Styles */,
				B56CE56C29BCC913007D092F /* Models */,
				B59369D52A659BA200C3B9F2 /* Views */,
				B59369D62A659BAD00C3B9F2 /* ViewModels */,
				B581CF2D2A7050E90084DDB2 /* Components */,
				B5630D3229846A35005BC686 /* Info.plist */,
				B5576CEB297D94970069758E /* Assets.xcassets */,
				B5576CED297D94970069758E /* Preview Content */,
			);
			path = MetaCollaboration;
			sourceTree = "<group>";
		};
		B5576CED297D94970069758E /* Preview Content */ = {
			isa = PBXGroup;
			children = (
				B5576CEE297D94970069758E /* Preview Assets.xcassets */,
			);
			path = "Preview Content";
			sourceTree = "<group>";
		};
		B5673D0E2A15259B00EEA43D /* Utilities */ = {
			isa = PBXGroup;
			children = (
				B5E680E129F6F53D00E98737 /* MultipeerSession.swift */,
				B59369D72A659C3E00C3B9F2 /* NetworkError.swift */,
				B59369DB2A65AA2500C3B9F2 /* NetworkManager.swift */,
				B593B4DB2AED41B4009A88B8 /* NavigationManager.swift */,
				B5BDA12A2AFA7B5900C637E9 /* PersistenceManager.swift */,
			);
			path = Utilities;
			sourceTree = "<group>";
		};
		B56CE56C29BCC913007D092F /* Models */ = {
			isa = PBXGroup;
			children = (
				B56CE56E29BCC928007D092F /* Asset.swift */,
				B56CE56F29BCC928007D092F /* Confirmation.swift */,
				B56CE57029BCC928007D092F /* Content.swift */,
				B56CE57429BCC928007D092F /* ExtendedGuide.swift */,
				B56CE57229BCC928007D092F /* Guide.swift */,
				B5ABC2332ADFD013007082F8 /* Coordinates.swift */,
				B56CE57329BCC928007D092F /* Instruction.swift */,
				B56CE56D29BCC928007D092F /* ObjectStep.swift */,
				B56CE57129BCC928007D092F /* Step.swift */,
				B581CF252A6EC5800084DDB2 /* ExtendedGuideResponse.swift */,
				B581CF272A6EC5930084DDB2 /* SimpleStep.swift */,
				B5ABC2312ADFCFE4007082F8 /* ModelName.swift */,
			);
			path = Models;
			sourceTree = "<group>";
		};
		B581CF2D2A7050E90084DDB2 /* Components */ = {
			isa = PBXGroup;
			children = (
				B59369DD2A65AE1C00C3B9F2 /* LoadingView.swift */,
				B581CF212A6E9F1A0084DDB2 /* SettingsRowView.swift */,
				B581CF1F2A6E9F0E0084DDB2 /* SettingsLabelView.swift */,
				B581CF232A6EB1AF0084DDB2 /* GuideDetailInfoView.swift */,
				B581CF2E2A7051A60084DDB2 /* GuideRowView.swift */,
				B581CF302A7051F20084DDB2 /* ModeSquareView.swift */,
				B5134E532AB8402E0062447F /* ImagePopupView.swift */,
			);
			path = Components;
			sourceTree = "<group>";
		};
		B581CF322A7052470084DDB2 /* Styles */ = {
			isa = PBXGroup;
			children = (
				B581CF332A70527C0084DDB2 /* ButtonStyles.swift */,
			);
			path = Styles;
			sourceTree = "<group>";
		};
		B59369D52A659BA200C3B9F2 /* Views */ = {
			isa = PBXGroup;
			children = (
				B505025B299FDBF700121A5A /* ChooseModeView.swift */,
				B5576CE9297D94960069758E /* ContentView.swift */,
				B59369E52A66CBFD00C3B9F2 /* GuideListView.swift */,
				B59369E32A66CBED00C3B9F2 /* GuideDetailView.swift */,
				B59369DF2A667D5000C3B9F2 /* CollaborationView.swift */,
				B5D4D9512985AD940087489B /* ARViewContainer.swift */,
				B55E19732A67FFCA000FD066 /* StepListView.swift */,
				B55E19772A6812F3000FD066 /* StepDetailView.swift */,
				B55E19752A6812B1000FD066 /* ConfirmationView.swift */,
				B581CF1D2A6E9B9B0084DDB2 /* SettingsView.swift */,
				B51A8E592AF4E88200BB088F /* FinalView.swift */,
			);
			path = Views;
			sourceTree = "<group>";
		};
		B59369D62A659BAD00C3B9F2 /* ViewModels */ = {
			isa = PBXGroup;
			children = (
				B59B595C2AE7FFDD00B4004B /* GuideListViewModel.swift */,
				B52E5B932AF2B5B900FA891E /* ConfirmationViewModel.swift */,
				B593B4DD2AEEB3CB009A88B8 /* StepListViewModel.swift */,
				B593B4DF2AEEDF62009A88B8 /* StepDetailViewModel.swift */,
				B59B595E2AE804B000B4004B /* GuideDetailViewModel.swift */,
				B59B59602AE80EFC00B4004B /* SettingsViewModel.swift */,
				B5576D01297D9CE40069758E /* CollaborationViewModel.swift */,
			);
			path = ViewModels;
			sourceTree = "<group>";
		};
		B59369E72A6701B400C3B9F2 /* Resources */ = {
			isa = PBXGroup;
			children = (
				B5A151A52AF9027E005F36FE /* CamelAnotation.usdz */,
			);
			path = Resources;
			sourceTree = "<group>";
		};
		B5BDA11F2AFA222400C637E9 /* Helpers */ = {
			isa = PBXGroup;
			children = (
				B59B59652AE8162F00B4004B /* ProgressHUDHelper.swift */,
				B5BDA1202AFA224500C637E9 /* SelectedMode.swift */,
				B5BDA1222AFA228800C637E9 /* ObjectType.swift */,
				B5BDA1242AFA22D600C637E9 /* ActiveAppMode.swift */,
				B5BDA1262AFA2DC100C637E9 /* guideTest.json */,
			);
			path = Helpers;
			sourceTree = "<group>";
		};
/* End PBXGroup section */

/* Begin PBXNativeTarget section */
		B5576CE3297D94960069758E /* MetaCollaboration */ = {
			isa = PBXNativeTarget;
			buildConfigurationList = B5576CF2297D94970069758E /* Build configuration list for PBXNativeTarget "MetaCollaboration" */;
			buildPhases = (
				B5576CE0297D94960069758E /* Sources */,
				B5576CE1297D94960069758E /* Frameworks */,
				B5576CE2297D94960069758E /* Resources */,
			);
			buildRules = (
			);
			dependencies = (
			);
			name = MetaCollaboration;
			packageProductDependencies = (
				B59B59632AE8160D00B4004B /* ProgressHUD */,
			);
			productName = MetaCollaboration;
			productReference = B5576CE4297D94960069758E /* MetaCollaboration.app */;
			productType = "com.apple.product-type.application";
		};
/* End PBXNativeTarget section */

/* Begin PBXProject section */
		B5576CDC297D94960069758E /* Project object */ = {
			isa = PBXProject;
			attributes = {
				BuildIndependentTargetsInParallel = 1;
				LastSwiftUpdateCheck = 1420;
				LastUpgradeCheck = 1420;
				TargetAttributes = {
					B5576CE3297D94960069758E = {
						CreatedOnToolsVersion = 14.2;
					};
				};
			};
			buildConfigurationList = B5576CDF297D94960069758E /* Build configuration list for PBXProject "MetaCollaboration" */;
			compatibilityVersion = "Xcode 14.0";
			developmentRegion = en;
			hasScannedForEncodings = 0;
			knownRegions = (
				en,
				Base,
			);
			mainGroup = B5576CDB297D94960069758E;
			packageReferences = (
				B59B59622AE8160D00B4004B /* XCRemoteSwiftPackageReference "ProgressHUD" */,
			);
			productRefGroup = B5576CE5297D94960069758E /* Products */;
			projectDirPath = "";
			projectRoot = "";
			targets = (
				B5576CE3297D94960069758E /* MetaCollaboration */,
			);
		};
/* End PBXProject section */

/* Begin PBXResourcesBuildPhase section */
		B5576CE2297D94960069758E /* Resources */ = {
			isa = PBXResourcesBuildPhase;
			buildActionMask = 2147483647;
			files = (
				B5A151A62AF9027E005F36FE /* CamelAnotation.usdz in Resources */,
				B59369D42A6586AA00C3B9F2 /* Launch Screen.storyboard in Resources */,
				B5BDA1272AFA2DC100C637E9 /* guideTest.json in Resources */,
				B56E4C312A7138CA006F5E97 /* README.md in Resources */,
				B5576CEF297D94970069758E /* Preview Assets.xcassets in Resources */,
				B5576CEC297D94970069758E /* Assets.xcassets in Resources */,
			);
			runOnlyForDeploymentPostprocessing = 0;
		};
/* End PBXResourcesBuildPhase section */

/* Begin PBXSourcesBuildPhase section */
		B5576CE0297D94960069758E /* Sources */ = {
			isa = PBXSourcesBuildPhase;
			buildActionMask = 2147483647;
			files = (
				B55E19742A67FFCA000FD066 /* StepListView.swift in Sources */,
				B56CE57A29BCC928007D092F /* Guide.swift in Sources */,
				B593B4DE2AEEB3CB009A88B8 /* StepListViewModel.swift in Sources */,
				B5D4D9522985AD940087489B /* ARViewContainer.swift in Sources */,
				B505025C299FDBF700121A5A /* ChooseModeView.swift in Sources */,
				B581CF262A6EC5800084DDB2 /* ExtendedGuideResponse.swift in Sources */,
				B59369E02A667D5000C3B9F2 /* CollaborationView.swift in Sources */,
				B52E5B942AF2B5B900FA891E /* ConfirmationViewModel.swift in Sources */,
				B56CE57729BCC928007D092F /* Confirmation.swift in Sources */,
				B59B595F2AE804B000B4004B /* GuideDetailViewModel.swift in Sources */,
				B59369DE2A65AE1C00C3B9F2 /* LoadingView.swift in Sources */,
				B581CF312A7051F20084DDB2 /* ModeSquareView.swift in Sources */,
				B581CF242A6EB1AF0084DDB2 /* GuideDetailInfoView.swift in Sources */,
				B56CE57529BCC928007D092F /* ObjectStep.swift in Sources */,
				B5BDA1252AFA22D600C637E9 /* ActiveAppMode.swift in Sources */,
				B5576CEA297D94960069758E /* ContentView.swift in Sources */,
				B59B59612AE80EFC00B4004B /* SettingsViewModel.swift in Sources */,
				B59B595D2AE7FFDD00B4004B /* GuideListViewModel.swift in Sources */,
				B581CF342A70527C0084DDB2 /* ButtonStyles.swift in Sources */,
				B5BDA1212AFA224500C637E9 /* SelectedMode.swift in Sources */,
				B59369D82A659C3E00C3B9F2 /* NetworkError.swift in Sources */,
				B5BDA1232AFA228800C637E9 /* ObjectType.swift in Sources */,
				B5BDA1292AFA318000C637E9 /* Int+Rating.swift in Sources */,
				B5537B6A2A0FABB7006F8102 /* ARView+Gestures.swift in Sources */,
				B59B59662AE8162F00B4004B /* ProgressHUDHelper.swift in Sources */,
				B581CF2F2A7051A60084DDB2 /* GuideRowView.swift in Sources */,
				B5ABC2322ADFCFE4007082F8 /* ModelName.swift in Sources */,
				B5BDA12B2AFA7B5900C637E9 /* PersistenceManager.swift in Sources */,
				B581CF202A6E9F0E0084DDB2 /* SettingsLabelView.swift in Sources */,
				B581CF282A6EC5930084DDB2 /* SimpleStep.swift in Sources */,
				B5E680E229F6F53D00E98737 /* MultipeerSession.swift in Sources */,
				B55E19762A6812B1000FD066 /* ConfirmationView.swift in Sources */,
				B5537B6C2A0FAC97006F8102 /* ARViewContainer+Session.swift in Sources */,
				B5537B682A0F9F88006F8102 /* CollaborationViewModel+MultipeerSession.swift in Sources */,
				B59369DC2A65AA2500C3B9F2 /* NetworkManager.swift in Sources */,
				B51A8E5A2AF4E88200BB088F /* FinalView.swift in Sources */,
				B5134E542AB8402E0062447F /* ImagePopupView.swift in Sources */,
				B55E19782A6812F3000FD066 /* StepDetailView.swift in Sources */,
				B581CF1E2A6E9B9B0084DDB2 /* SettingsView.swift in Sources */,
				B5576D02297D9CE40069758E /* CollaborationViewModel.swift in Sources */,
				B581CF222A6E9F1A0084DDB2 /* SettingsRowView.swift in Sources */,
				B56CE57929BCC928007D092F /* Step.swift in Sources */,
				B5BDA11E2AFA1D4400C637E9 /* View+Keyboard.swift in Sources */,
				B59369E42A66CBED00C3B9F2 /* GuideDetailView.swift in Sources */,
				B5576CE8297D94960069758E /* MetaCollaborationApp.swift in Sources */,
				B56CE57629BCC928007D092F /* Asset.swift in Sources */,
				B59369E62A66CBFD00C3B9F2 /* GuideListView.swift in Sources */,
				B593B4E02AEEDF62009A88B8 /* StepDetailViewModel.swift in Sources */,
				B56CE57829BCC928007D092F /* Content.swift in Sources */,
				B593B4DC2AED41B4009A88B8 /* NavigationManager.swift in Sources */,
				B56CE57B29BCC928007D092F /* Instruction.swift in Sources */,
				B56CE57C29BCC928007D092F /* ExtendedGuide.swift in Sources */,
				B5ABC2342ADFD013007082F8 /* Coordinates.swift in Sources */,
			);
			runOnlyForDeploymentPostprocessing = 0;
		};
/* End PBXSourcesBuildPhase section */

/* Begin XCBuildConfiguration section */
		B5576CF0297D94970069758E /* Debug */ = {
			isa = XCBuildConfiguration;
			buildSettings = {
				ALWAYS_SEARCH_USER_PATHS = NO;
				CLANG_ANALYZER_NONNULL = YES;
				CLANG_ANALYZER_NUMBER_OBJECT_CONVERSION = YES_AGGRESSIVE;
				CLANG_CXX_LANGUAGE_STANDARD = "gnu++20";
				CLANG_ENABLE_MODULES = YES;
				CLANG_ENABLE_OBJC_ARC = YES;
				CLANG_ENABLE_OBJC_WEAK = YES;
				CLANG_WARN_BLOCK_CAPTURE_AUTORELEASING = YES;
				CLANG_WARN_BOOL_CONVERSION = YES;
				CLANG_WARN_COMMA = YES;
				CLANG_WARN_CONSTANT_CONVERSION = YES;
				CLANG_WARN_DEPRECATED_OBJC_IMPLEMENTATIONS = YES;
				CLANG_WARN_DIRECT_OBJC_ISA_USAGE = YES_ERROR;
				CLANG_WARN_DOCUMENTATION_COMMENTS = YES;
				CLANG_WARN_EMPTY_BODY = YES;
				CLANG_WARN_ENUM_CONVERSION = YES;
				CLANG_WARN_INFINITE_RECURSION = YES;
				CLANG_WARN_INT_CONVERSION = YES;
				CLANG_WARN_NON_LITERAL_NULL_CONVERSION = YES;
				CLANG_WARN_OBJC_IMPLICIT_RETAIN_SELF = YES;
				CLANG_WARN_OBJC_LITERAL_CONVERSION = YES;
				CLANG_WARN_OBJC_ROOT_CLASS = YES_ERROR;
				CLANG_WARN_QUOTED_INCLUDE_IN_FRAMEWORK_HEADER = YES;
				CLANG_WARN_RANGE_LOOP_ANALYSIS = YES;
				CLANG_WARN_STRICT_PROTOTYPES = YES;
				CLANG_WARN_SUSPICIOUS_MOVE = YES;
				CLANG_WARN_UNGUARDED_AVAILABILITY = YES_AGGRESSIVE;
				CLANG_WARN_UNREACHABLE_CODE = YES;
				CLANG_WARN__DUPLICATE_METHOD_MATCH = YES;
				COPY_PHASE_STRIP = NO;
				DEBUG_INFORMATION_FORMAT = dwarf;
				ENABLE_STRICT_OBJC_MSGSEND = YES;
				ENABLE_TESTABILITY = YES;
				GCC_C_LANGUAGE_STANDARD = gnu11;
				GCC_DYNAMIC_NO_PIC = NO;
				GCC_NO_COMMON_BLOCKS = YES;
				GCC_OPTIMIZATION_LEVEL = 0;
				GCC_PREPROCESSOR_DEFINITIONS = (
					"DEBUG=1",
					"$(inherited)",
				);
				GCC_WARN_64_TO_32_BIT_CONVERSION = YES;
				GCC_WARN_ABOUT_RETURN_TYPE = YES_ERROR;
				GCC_WARN_UNDECLARED_SELECTOR = YES;
				GCC_WARN_UNINITIALIZED_AUTOS = YES_AGGRESSIVE;
				GCC_WARN_UNUSED_FUNCTION = YES;
				GCC_WARN_UNUSED_VARIABLE = YES;
				IPHONEOS_DEPLOYMENT_TARGET = 16.0;
				MTL_ENABLE_DEBUG_INFO = INCLUDE_SOURCE;
				MTL_FAST_MATH = YES;
				ONLY_ACTIVE_ARCH = YES;
				SDKROOT = iphoneos;
				SWIFT_ACTIVE_COMPILATION_CONDITIONS = DEBUG;
				SWIFT_OPTIMIZATION_LEVEL = "-Onone";
			};
			name = Debug;
		};
		B5576CF1297D94970069758E /* Release */ = {
			isa = XCBuildConfiguration;
			buildSettings = {
				ALWAYS_SEARCH_USER_PATHS = NO;
				CLANG_ANALYZER_NONNULL = YES;
				CLANG_ANALYZER_NUMBER_OBJECT_CONVERSION = YES_AGGRESSIVE;
				CLANG_CXX_LANGUAGE_STANDARD = "gnu++20";
				CLANG_ENABLE_MODULES = YES;
				CLANG_ENABLE_OBJC_ARC = YES;
				CLANG_ENABLE_OBJC_WEAK = YES;
				CLANG_WARN_BLOCK_CAPTURE_AUTORELEASING = YES;
				CLANG_WARN_BOOL_CONVERSION = YES;
				CLANG_WARN_COMMA = YES;
				CLANG_WARN_CONSTANT_CONVERSION = YES;
				CLANG_WARN_DEPRECATED_OBJC_IMPLEMENTATIONS = YES;
				CLANG_WARN_DIRECT_OBJC_ISA_USAGE = YES_ERROR;
				CLANG_WARN_DOCUMENTATION_COMMENTS = YES;
				CLANG_WARN_EMPTY_BODY = YES;
				CLANG_WARN_ENUM_CONVERSION = YES;
				CLANG_WARN_INFINITE_RECURSION = YES;
				CLANG_WARN_INT_CONVERSION = YES;
				CLANG_WARN_NON_LITERAL_NULL_CONVERSION = YES;
				CLANG_WARN_OBJC_IMPLICIT_RETAIN_SELF = YES;
				CLANG_WARN_OBJC_LITERAL_CONVERSION = YES;
				CLANG_WARN_OBJC_ROOT_CLASS = YES_ERROR;
				CLANG_WARN_QUOTED_INCLUDE_IN_FRAMEWORK_HEADER = YES;
				CLANG_WARN_RANGE_LOOP_ANALYSIS = YES;
				CLANG_WARN_STRICT_PROTOTYPES = YES;
				CLANG_WARN_SUSPICIOUS_MOVE = YES;
				CLANG_WARN_UNGUARDED_AVAILABILITY = YES_AGGRESSIVE;
				CLANG_WARN_UNREACHABLE_CODE = YES;
				CLANG_WARN__DUPLICATE_METHOD_MATCH = YES;
				COPY_PHASE_STRIP = NO;
				DEBUG_INFORMATION_FORMAT = "dwarf-with-dsym";
				ENABLE_NS_ASSERTIONS = NO;
				ENABLE_STRICT_OBJC_MSGSEND = YES;
				GCC_C_LANGUAGE_STANDARD = gnu11;
				GCC_NO_COMMON_BLOCKS = YES;
				GCC_WARN_64_TO_32_BIT_CONVERSION = YES;
				GCC_WARN_ABOUT_RETURN_TYPE = YES_ERROR;
				GCC_WARN_UNDECLARED_SELECTOR = YES;
				GCC_WARN_UNINITIALIZED_AUTOS = YES_AGGRESSIVE;
				GCC_WARN_UNUSED_FUNCTION = YES;
				GCC_WARN_UNUSED_VARIABLE = YES;
				IPHONEOS_DEPLOYMENT_TARGET = 16.0;
				MTL_ENABLE_DEBUG_INFO = NO;
				MTL_FAST_MATH = YES;
				SDKROOT = iphoneos;
				SWIFT_COMPILATION_MODE = wholemodule;
				SWIFT_OPTIMIZATION_LEVEL = "-O";
				VALIDATE_PRODUCT = YES;
			};
			name = Release;
		};
		B5576CF3297D94970069758E /* Debug */ = {
			isa = XCBuildConfiguration;
			buildSettings = {
				ASSETCATALOG_COMPILER_APPICON_NAME = AppIcon;
				ASSETCATALOG_COMPILER_GLOBAL_ACCENT_COLOR_NAME = AccentColor;
				CODE_SIGN_STYLE = Automatic;
				CURRENT_PROJECT_VERSION = 1;
				DEVELOPMENT_ASSET_PATHS = "\"MetaCollaboration/Preview Content\"";
				DEVELOPMENT_TEAM = 925K52UM4K;
				ENABLE_PREVIEWS = YES;
				GENERATE_INFOPLIST_FILE = YES;
				INFOPLIST_FILE = MetaCollaboration/Info.plist;
				INFOPLIST_KEY_NSCameraUsageDescription = "This app requires camera access to allow AR experience";
				INFOPLIST_KEY_NSLocalNetworkUsageDescription = "This app synchronises with other iOS devices on the same network.";
				INFOPLIST_KEY_NSPhotoLibraryUsageDescription = "This app requires access to media library to allow upload photos";
				INFOPLIST_KEY_UIApplicationSceneManifest_Generation = YES;
				INFOPLIST_KEY_UIApplicationSupportsIndirectInputEvents = YES;
				INFOPLIST_KEY_UILaunchStoryboardName = "Launch Screen.storyboard";
				INFOPLIST_KEY_UIRequiredDeviceCapabilities = "armv7 arkit";
				INFOPLIST_KEY_UIStatusBarStyle = UIStatusBarStyleDarkContent;
				INFOPLIST_KEY_UISupportedInterfaceOrientations = UIInterfaceOrientationPortrait;
				INFOPLIST_KEY_UIUserInterfaceStyle = Dark;
				IPHONEOS_DEPLOYMENT_TARGET = 17.0;
				LD_RUNPATH_SEARCH_PATHS = (
					"$(inherited)",
					"@executable_path/Frameworks",
				);
				MARKETING_VERSION = 1.0;
				PRODUCT_BUNDLE_IDENTIFIER = com.tsmerda.MetaCollaboration;
				PRODUCT_NAME = "$(TARGET_NAME)";
				SWIFT_EMIT_LOC_STRINGS = YES;
				SWIFT_VERSION = 5.0;
				TARGETED_DEVICE_FAMILY = "1,2";
			};
			name = Debug;
		};
		B5576CF4297D94970069758E /* Release */ = {
			isa = XCBuildConfiguration;
			buildSettings = {
				ASSETCATALOG_COMPILER_APPICON_NAME = AppIcon;
				ASSETCATALOG_COMPILER_GLOBAL_ACCENT_COLOR_NAME = AccentColor;
				CODE_SIGN_STYLE = Automatic;
				CURRENT_PROJECT_VERSION = 1;
				DEVELOPMENT_ASSET_PATHS = "\"MetaCollaboration/Preview Content\"";
				DEVELOPMENT_TEAM = 925K52UM4K;
				ENABLE_PREVIEWS = YES;
				GENERATE_INFOPLIST_FILE = YES;
				INFOPLIST_FILE = MetaCollaboration/Info.plist;
				INFOPLIST_KEY_NSCameraUsageDescription = "This app requires camera access to allow AR experience";
				INFOPLIST_KEY_NSLocalNetworkUsageDescription = "This app synchronises with other iOS devices on the same network.";
				INFOPLIST_KEY_NSPhotoLibraryUsageDescription = "This app requires access to media library to allow upload photos";
				INFOPLIST_KEY_UIApplicationSceneManifest_Generation = YES;
				INFOPLIST_KEY_UIApplicationSupportsIndirectInputEvents = YES;
				INFOPLIST_KEY_UILaunchStoryboardName = "Launch Screen.storyboard";
				INFOPLIST_KEY_UIRequiredDeviceCapabilities = "armv7 arkit";
				INFOPLIST_KEY_UIStatusBarStyle = UIStatusBarStyleDarkContent;
				INFOPLIST_KEY_UISupportedInterfaceOrientations = UIInterfaceOrientationPortrait;
				INFOPLIST_KEY_UIUserInterfaceStyle = Dark;
				IPHONEOS_DEPLOYMENT_TARGET = 17.0;
				LD_RUNPATH_SEARCH_PATHS = (
					"$(inherited)",
					"@executable_path/Frameworks",
				);
				MARKETING_VERSION = 1.0;
				PRODUCT_BUNDLE_IDENTIFIER = com.tsmerda.MetaCollaboration;
				PRODUCT_NAME = "$(TARGET_NAME)";
				SWIFT_EMIT_LOC_STRINGS = YES;
				SWIFT_VERSION = 5.0;
				TARGETED_DEVICE_FAMILY = "1,2";
			};
			name = Release;
		};
/* End XCBuildConfiguration section */

/* Begin XCConfigurationList section */
		B5576CDF297D94960069758E /* Build configuration list for PBXProject "MetaCollaboration" */ = {
			isa = XCConfigurationList;
			buildConfigurations = (
				B5576CF0297D94970069758E /* Debug */,
				B5576CF1297D94970069758E /* Release */,
			);
			defaultConfigurationIsVisible = 0;
			defaultConfigurationName = Release;
		};
		B5576CF2297D94970069758E /* Build configuration list for PBXNativeTarget "MetaCollaboration" */ = {
			isa = XCConfigurationList;
			buildConfigurations = (
				B5576CF3297D94970069758E /* Debug */,
				B5576CF4297D94970069758E /* Release */,
			);
			defaultConfigurationIsVisible = 0;
			defaultConfigurationName = Release;
		};
/* End XCConfigurationList section */

/* Begin XCRemoteSwiftPackageReference section */
		B59B59622AE8160D00B4004B /* XCRemoteSwiftPackageReference "ProgressHUD" */ = {
			isa = XCRemoteSwiftPackageReference;
			repositoryURL = "https://github.com/relatedcode/ProgressHUD.git";
			requirement = {
				kind = upToNextMajorVersion;
				minimumVersion = 14.1.0;
			};
		};
/* End XCRemoteSwiftPackageReference section */

/* Begin XCSwiftPackageProductDependency section */
		B59B59632AE8160D00B4004B /* ProgressHUD */ = {
			isa = XCSwiftPackageProductDependency;
			package = B59B59622AE8160D00B4004B /* XCRemoteSwiftPackageReference "ProgressHUD" */;
			productName = ProgressHUD;
		};
/* End XCSwiftPackageProductDependency section */
	};
	rootObject = B5576CDC297D94960069758E /* Project object */;
}
